
Microsoft Visual Studio Solution File, Format Version 12.00
# Visual Studio Version 16
VisualStudioVersion = 16.0.31613.86
MinimumVisualStudioVersion = 10.0.40219.1
Project("{FAE04EC0-301F-11D3-BF4B-00C04F79EFBC}") = "GUI_FrontEnd", "GUI_FrontEnd\GUI_FrontEnd.csproj", "{C04F6886-3E47-4614-8BBB-9CCE987FE8BC}"
EndProject
Global
	GlobalSection(SolutionConfigurationPlatforms) = preSolution
		Debug|Any CPU = Debug|Any CPU
		Release|Any CPU = Release|Any CPU
	EndGlobalSection
	GlobalSection(ProjectConfigurationPlatforms) = postSolution
		{C04F6886-3E47-4614-8BBB-9CCE987FE8BC}.Debug|Any CPU.ActiveCfg = Debug|Any CPU
		{C04F6886-3E47-4614-8BBB-9CCE987FE8BC}.Debug|Any CPU.Build.0 = Debug|Any CPU
		{C04F6886-3E47-4614-8BBB-9CCE987FE8BC}.Release|Any CPU.ActiveCfg = Release|Any CPU
		{C04F6886-3E47-4614-8BBB-9CCE987FE8BC}.Release|Any CPU.Build.0 = Release|Any CPU
	EndGlobalSection
	GlobalSection(SolutionProperties) = preSolution
		HideSolutionNode = FALSE
	EndGlobalSection
	GlobalSection(ExtensibilityGlobals) = postSolution
		SolutionGuid = {21B4D440-9084-41D9-9CD8-0DBE04BBD7B8}
	EndGlobalSection
EndGlobal
